
Microsoft Visual Studio Solution File, Format Version 12.00
# Visual Studio Version 17
VisualStudioVersion = 17.9.34723.18
MinimumVisualStudioVersion = 10.0.40219.1
Project("{FAE04EC0-301F-11D3-BF4B-00C04F79EFBC}") = "WebAPI", "WebAPI\WebAPI.csproj", "{8470F4CD-6543-44B3-8040-65BB940A85F7}"
EndProject
Global
	GlobalSection(SolutionConfigurationPlatforms) = preSolution
		Debug|Any CPU = Debug|Any CPU
		Release|Any CPU = Release|Any CPU
	EndGlobalSection
	GlobalSection(ProjectConfigurationPlatforms) = postSolution
		{8470F4CD-6543-44B3-8040-65BB940A85F7}.Debug|Any CPU.ActiveCfg = Debug|Any CPU
		{8470F4CD-6543-44B3-8040-65BB940A85F7}.Debug|Any CPU.Build.0 = Debug|Any CPU
		{8470F4CD-6543-44B3-8040-65BB940A85F7}.Release|Any CPU.ActiveCfg = Release|Any CPU
		{8470F4CD-6543-44B3-8040-65BB940A85F7}.Release|Any CPU.Build.0 = Release|Any CPU
	EndGlobalSection
	GlobalSection(SolutionProperties) = preSolution
		HideSolutionNode = FALSE
	EndGlobalSection
	GlobalSection(ExtensibilityGlobals) = postSolution
		SolutionGuid = {76B3ACCD-1029-41DC-A3A8-953AC0BF507A}
	EndGlobalSection
EndGlobal
